
Microsoft Visual Studio Solution File, Format Version 12.00
# Visual Studio Version 17
VisualStudioVersion = 17.8.34330.188
MinimumVisualStudioVersion = 10.0.40219.1
Project("{FAE04EC0-301F-11D3-BF4B-00C04F79EFBC}") = "Chapter.Net.WPF.Localization", "Chapter.Net.WPF.Localization\Chapter.Net.WPF.Localization.csproj", "{90C43F72-B79C-46A2-BB5D-C06C7F361FAC}"
EndProject
Global
	GlobalSection(SolutionConfigurationPlatforms) = preSolution
		Debug|Any CPU = Debug|Any CPU
		Release|Any CPU = Release|Any CPU
	EndGlobalSection
	GlobalSection(ProjectConfigurationPlatforms) = postSolution
		{90C43F72-B79C-46A2-BB5D-C06C7F361FAC}.Debug|Any CPU.ActiveCfg = Debug|Any CPU
		{90C43F72-B79C-46A2-BB5D-C06C7F361FAC}.Debug|Any CPU.Build.0 = Debug|Any CPU
		{90C43F72-B79C-46A2-BB5D-C06C7F361FAC}.Release|Any CPU.ActiveCfg = Release|Any CPU
		{90C43F72-B79C-46A2-BB5D-C06C7F361FAC}.Release|Any CPU.Build.0 = Release|Any CPU
	EndGlobalSection
	GlobalSection(SolutionProperties) = preSolution
		HideSolutionNode = FALSE
	EndGlobalSection
	GlobalSection(ExtensibilityGlobals) = postSolution
		SolutionGuid = {182CF5B4-4951-46B7-82DA-175DABA0DEB3}
	EndGlobalSection
EndGlobal
